
Microsoft Visual Studio Solution File, Format Version 12.00
# Visual Studio Version 17
VisualStudioVersion = 17.13.35931.197
MinimumVisualStudioVersion = 10.0.40219.1
Project("{FAE04EC0-301F-11D3-BF4B-00C04F79EFBC}") = "First Project", "First Project\First Project.csproj", "{58E914A8-2F3B-4225-B66B-3690787EFEA8}"
EndProject
Project("{FAE04EC0-301F-11D3-BF4B-00C04F79EFBC}") = "SolveChallenge", "SolveChallenge\SolveChallenge.csproj", "{6F6B9857-8292-40EF-8A43-0729CD2D7366}"
EndProject
Global
	GlobalSection(SolutionConfigurationPlatforms) = preSolution
		Debug|Any CPU = Debug|Any CPU
		Release|Any CPU = Release|Any CPU
	EndGlobalSection
	GlobalSection(ProjectConfigurationPlatforms) = postSolution
		{58E914A8-2F3B-4225-B66B-3690787EFEA8}.Debug|Any CPU.ActiveCfg = Debug|Any CPU
		{58E914A8-2F3B-4225-B66B-3690787EFEA8}.Debug|Any CPU.Build.0 = Debug|Any CPU
		{58E914A8-2F3B-4225-B66B-3690787EFEA8}.Release|Any CPU.ActiveCfg = Release|Any CPU
		{58E914A8-2F3B-4225-B66B-3690787EFEA8}.Release|Any CPU.Build.0 = Release|Any CPU
		{6F6B9857-8292-40EF-8A43-0729CD2D7366}.Debug|Any CPU.ActiveCfg = Debug|Any CPU
		{6F6B9857-8292-40EF-8A43-0729CD2D7366}.Debug|Any CPU.Build.0 = Debug|Any CPU
		{6F6B9857-8292-40EF-8A43-0729CD2D7366}.Release|Any CPU.ActiveCfg = Release|Any CPU
		{6F6B9857-8292-40EF-8A43-0729CD2D7366}.Release|Any CPU.Build.0 = Release|Any CPU
	EndGlobalSection
	GlobalSection(SolutionProperties) = preSolution
		HideSolutionNode = FALSE
	EndGlobalSection
	GlobalSection(ExtensibilityGlobals) = postSolution
		SolutionGuid = {D477B12B-C3B8-4A70-94B6-5950692FACD0}
	EndGlobalSection
EndGlobal
